<?xml version="1.0" encoding="UTF-8" standalone="yes" ?>
<CodeBlocks_project_file>
	<FileVersion major="1" minor="6" />
	<Project>
		<Option title="Torped" />
		<Option pch_mode="0" />
		<Option default_target="Torped Athlon" />
		<Option compiler="gcc" />
		<Build>
			<Target title="physics Athlon">
				<Option output="physics.dll" prefix_auto="1" extension_auto="1" />
				<Option working_dir="..\" />
				<Option type="3" />
				<Option compiler="gcc" />
				<Option host_application="torped.exe" />
				<Option createDefFile="1" />
				<Option createStaticLib="1" />
				<Option projectLinkerOptionsRelation="1" />
				<Compiler>
					<Add option="-march=athlon-xp" />
					<Add option="-fexpensive-optimizations" />
					<Add option="-O3" />
					<Add option="-O2" />
					<Add option="-O1" />
					<Add option="-O" />
					<Add option="-Wall" />
					<Add option='-DMEMLEAKS_LOG=\&quot;memleaks_physics.log\&quot;' />
					<Add option='-DMEMORY_LOG=\&quot;memory_physics.log\&quot;' />
				</Compiler>
				<Linker>
					<Add option="-s" />
				</Linker>
				<ExtraCommands>
					<Add after="copy.bat" />
					<Mode after="always" />
				</ExtraCommands>
			</Target>
			<Target title="physics debug">
				<Option output="physics.dll" prefix_auto="1" extension_auto="1" />
				<Option working_dir="..\" />
				<Option type="3" />
				<Option compiler="gcc" />
				<Option host_application="torped.exe" />
				<Option createDefFile="1" />
				<Option createStaticLib="1" />
				<Option projectLinkerOptionsRelation="1" />
				<Compiler>
					<Add option="-fexpensive-optimizations" />
					<Add option="-O3" />
					<Add option="-O2" />
					<Add option="-O1" />
					<Add option="-O" />
					<Add option="-Wall" />
					<Add option="-pg" />
					<Add option="-g" />
					<Add option='-DMEMLEAKS_LOG=\&quot;memleaks_physics.log\&quot;' />
					<Add option='-DMEMORY_LOG=\&quot;memory_physics.log\&quot;' />
					<Add option="-DMEMORY_MANAGER" />
				</Compiler>
				<Linker>
					<Add option="-pg -lgmon" />
				</Linker>
				<ExtraCommands>
					<Add after="copy.bat" />
					<Mode after="always" />
				</ExtraCommands>
			</Target>
			<Target title="physics default">
				<Option output="physics.dll" prefix_auto="1" extension_auto="1" />
				<Option working_dir="..\" />
				<Option type="3" />
				<Option compiler="gcc" />
				<Option host_application="torped.exe" />
				<Option createDefFile="1" />
				<Option createStaticLib="1" />
				<Option projectLinkerOptionsRelation="1" />
				<Compiler>
					<Add option="-fexpensive-optimizations" />
					<Add option="-O3" />
					<Add option="-O2" />
					<Add option="-O1" />
					<Add option="-O" />
					<Add option="-Wall" />
					<Add option='-DMEMLEAKS_LOG=\&quot;memleaks_physics.log\&quot;' />
					<Add option='-DMEMORY_LOG=\&quot;memory_physics.log\&quot;' />
				</Compiler>
				<Linker>
					<Add option="-s" />
				</Linker>
				<ExtraCommands>
					<Add after="copy.bat" />
					<Mode after="always" />
				</ExtraCommands>
			</Target>
			<Target title="Torped Athlon">
				<Option output="..\Torped.exe" prefix_auto="0" extension_auto="0" />
				<Option working_dir="..\" />
				<Option external_deps="libphysics.a;" />
				<Option type="0" />
				<Option compiler="gcc" />
				<Option projectResourceIncludeDirsRelation="0" />
				<Compiler>
					<Add option="-march=athlon-xp" />
					<Add option="-fexpensive-optimizations" />
					<Add option="-O3" />
					<Add option="-O2" />
					<Add option="-O1" />
					<Add option="-O" />
					<Add option="-Wall" />
				</Compiler>
				<Linker>
					<Add option="-s" />
				</Linker>
			</Target>
			<Target title="Torped debug">
				<Option output="..\Torped.exe" prefix_auto="0" extension_auto="0" />
				<Option working_dir="..\" />
				<Option external_deps="libphysics.a;" />
				<Option type="0" />
				<Option compiler="gcc" />
				<Option projectResourceIncludeDirsRelation="0" />
				<Compiler>
					<Add option="-fexpensive-optimizations" />
					<Add option="-O3" />
					<Add option="-O2" />
					<Add option="-O1" />
					<Add option="-O" />
					<Add option="-Wall" />
					<Add option="-pg" />
					<Add option="-g" />
					<Add option="-DMEMORY_MANAGER" />
				</Compiler>
				<Linker>
					<Add option="-pg -lgmon" />
				</Linker>
			</Target>
			<Target title="Torped default">
				<Option output="..\Torped.exe" prefix_auto="0" extension_auto="0" />
				<Option working_dir="..\" />
				<Option external_deps="libphysics.a;" />
				<Option type="0" />
				<Option compiler="gcc" />
				<Option projectResourceIncludeDirsRelation="0" />
				<Compiler>
					<Add option="-fexpensive-optimizations" />
					<Add option="-O3" />
					<Add option="-O2" />
					<Add option="-O1" />
					<Add option="-O" />
					<Add option="-Wall" />
				</Compiler>
				<Linker>
					<Add option="-s" />
				</Linker>
			</Target>
		</Build>
		<VirtualTargets>
			<Add alias="All Athlon" targets="physics Athlon;" />
			<Add alias="All debug" targets="physics debug;" />
		</VirtualTargets>
		<Compiler>
			<Add option="-Dmain=SDL_main" />
			<Add option="-DGLUT_DISABLE_ATEXIT_HACK" />
			<Add option="-DGLUT_NO_LIB_PRAGMA" />
			<Add option="-DGLUT_NO_WARNING_DISABLE" />
			<Add option="-DTIXML_USE_STL" />
			<Add directory="C:\Dev-Cpp\include\SDL" />
			<Add directory="C:\Python24\include" />
			<Add directory="C:\Program\NVIDIA Corporation\Cg\include" />
		</Compiler>
		<Linker>
			<Add option="C:/Python24/libs/libpython24.a" />
			<Add library="glut32" />
			<Add library="glew32" />
			<Add library="mingw32" />
			<Add library="winmm" />
			<Add library="SDLmain" />
			<Add library="glu32" />
			<Add library="opengl32" />
			<Add library="SDL" />
			<Add library="SDL_net" />
			<Add library="SDL_image" />
			<Add library="vorbisfile" />
			<Add library="vorbis" />
			<Add library="ogg" />
			<Add library="OpenAL32" />
			<Add library=".\libphysics.a" />
			<Add library="physfs" />
			<Add library="angelscript" />
			<Add library="lua51" />
			<Add directory="C:\Python24\libs" />
			<Add directory="C:\Program\OpenAL 1.1 SDK\libs\Win32" />
		</Linker>
		<Unit filename="Projekt1_private.rc">
			<Option compilerVar="WINDRES" />
			<Option target="Torped default" />
			<Option target="Torped debug" />
			<Option target="Torped Athlon" />
		</Unit>
		<Unit filename="action.h">
			<Option target="Torped Athlon" />
			<Option target="Torped debug" />
			<Option target="Torped default" />
		</Unit>
		<Unit filename="actor.cpp">
			<Option target="Torped Athlon" />
			<Option target="Torped debug" />
			<Option target="Torped default" />
		</Unit>
		<Unit filename="actor.h">
			<Option target="Torped Athlon" />
			<Option target="Torped debug" />
			<Option target="Torped default" />
		</Unit>
		<Unit filename="alstruct.cpp">
			<Option target="Torped default" />
			<Option target="Torped debug" />
			<Option target="Torped Athlon" />
		</Unit>
		<Unit filename="alstruct.h">
			<Option target="Torped default" />
			<Option target="Torped debug" />
			<Option target="Torped Athlon" />
		</Unit>
		<Unit filename="aswrap.cpp">
			<Option target="Torped Athlon" />
			<Option target="Torped debug" />
			<Option target="Torped default" />
		</Unit>
		<Unit filename="aswrap.h">
			<Option target="Torped Athlon" />
			<Option target="Torped debug" />
			<Option target="Torped default" />
		</Unit>
		<Unit filename="collide.cpp">
			<Option target="physics default" />
			<Option target="physics debug" />
			<Option target="physics Athlon" />
		</Unit>
		<Unit filename="collide.h" />
		<Unit filename="comparelist.h" />
		<Unit filename="console.h" />
		<Unit filename="gameapp.cpp">
			<Option target="Torped default" />
			<Option target="Torped debug" />
			<Option target="Torped Athlon" />
		</Unit>
		<Unit filename="gameapp.h">
			<Option target="Torped default" />
			<Option target="Torped debug" />
			<Option target="Torped Athlon" />
		</Unit>
		<Unit filename="input.cpp">
			<Option target="Torped default" />
			<Option target="Torped debug" />
			<Option target="Torped Athlon" />
		</Unit>
		<Unit filename="input.h">
			<Option target="Torped default" />
			<Option target="Torped debug" />
			<Option target="Torped Athlon" />
		</Unit>
		<Unit filename="luawrap.cpp">
			<Option target="Torped Athlon" />
			<Option target="Torped debug" />
			<Option target="Torped default" />
		</Unit>
		<Unit filename="luawrap.h">
			<Option target="Torped Athlon" />
			<Option target="Torped debug" />
			<Option target="Torped default" />
		</Unit>
		<Unit filename="main.cpp">
			<Option target="Torped default" />
			<Option target="Torped debug" />
			<Option target="Torped Athlon" />
		</Unit>
		<Unit filename="manymouse\linux_evdev.c">
			<Option compilerVar="CC" />
			<Option target="Torped default" />
			<Option target="Torped debug" />
			<Option target="Torped Athlon" />
		</Unit>
		<Unit filename="manymouse\macosx_hidmanager.c">
			<Option compilerVar="CC" />
			<Option target="Torped default" />
			<Option target="Torped debug" />
			<Option target="Torped Athlon" />
		</Unit>
		<Unit filename="manymouse\manymouse.c">
			<Option compilerVar="CC" />
			<Option target="Torped default" />
			<Option target="Torped debug" />
			<Option target="Torped Athlon" />
		</Unit>
		<Unit filename="manymouse\manymouse.h">
			<Option compilerVar="CC" />
			<Option target="Torped default" />
			<Option target="Torped debug" />
			<Option target="Torped Athlon" />
		</Unit>
		<Unit filename="manymouse\windows_wminput.c">
			<Option compilerVar="CC" />
			<Option target="Torped default" />
			<Option target="Torped debug" />
			<Option target="Torped Athlon" />
		</Unit>
		<Unit filename="manymouse\x11_xinput.c">
			<Option compilerVar="CC" />
			<Option target="Torped default" />
			<Option target="Torped debug" />
			<Option target="Torped Athlon" />
		</Unit>
		<Unit filename="menu.cpp">
			<Option target="Torped Athlon" />
			<Option target="Torped debug" />
			<Option target="Torped default" />
		</Unit>
		<Unit filename="menu.h">
			<Option target="Torped Athlon" />
			<Option target="Torped debug" />
			<Option target="Torped default" />
		</Unit>
		<Unit filename="parser.cpp">
			<Option target="Torped default" />
			<Option target="Torped debug" />
			<Option target="Torped Athlon" />
		</Unit>
		<Unit filename="parser.h">
			<Option target="Torped default" />
			<Option target="Torped debug" />
			<Option target="Torped Athlon" />
		</Unit>
		<Unit filename="physfsrwops.c">
			<Option compilerVar="CC" />
			<Option target="Torped default" />
			<Option target="Torped debug" />
			<Option target="Torped Athlon" />
		</Unit>
		<Unit filename="physfsrwops.h">
			<Option target="Torped default" />
			<Option target="Torped debug" />
			<Option target="Torped Athlon" />
		</Unit>
		<Unit filename="physfsstruct.cpp">
			<Option target="Torped default" />
			<Option target="Torped debug" />
			<Option target="Torped Athlon" />
		</Unit>
		<Unit filename="physfsstruct.h">
			<Option target="Torped default" />
			<Option target="Torped debug" />
			<Option target="Torped Athlon" />
		</Unit>
		<Unit filename="physics.cpp">
			<Option target="physics default" />
			<Option target="physics debug" />
			<Option target="physics Athlon" />
		</Unit>
		<Unit filename="physics.h" />
		<Unit filename="physstruct.cpp">
			<Option target="Torped default" />
			<Option target="Torped debug" />
			<Option target="Torped Athlon" />
		</Unit>
		<Unit filename="physstruct.h">
			<Option target="Torped default" />
			<Option target="Torped debug" />
			<Option target="Torped Athlon" />
		</Unit>
		<Unit filename="player.cpp">
			<Option target="Torped default" />
			<Option target="Torped debug" />
			<Option target="Torped Athlon" />
		</Unit>
		<Unit filename="player.h">
			<Option target="Torped default" />
			<Option target="Torped debug" />
			<Option target="Torped Athlon" />
		</Unit>
		<Unit filename="pose.cpp">
			<Option target="Torped default" />
			<Option target="Torped debug" />
			<Option target="Torped Athlon" />
		</Unit>
		<Unit filename="pose.h">
			<Option target="Torped default" />
			<Option target="Torped debug" />
			<Option target="Torped Athlon" />
		</Unit>
		<Unit filename="profiler.h" />
		<Unit filename="pythonstruct.cpp">
			<Option target="Torped default" />
			<Option target="Torped debug" />
			<Option target="Torped Athlon" />
		</Unit>
		<Unit filename="pythonstruct.h">
			<Option target="Torped default" />
			<Option target="Torped debug" />
			<Option target="Torped Athlon" />
		</Unit>
		<Unit filename="scene.cpp">
			<Option target="Torped Athlon" />
			<Option target="Torped debug" />
			<Option target="Torped default" />
		</Unit>
		<Unit filename="scene.h">
			<Option target="Torped Athlon" />
			<Option target="Torped debug" />
			<Option target="Torped default" />
		</Unit>
		<Unit filename="shader.cpp">
			<Option target="Torped default" />
			<Option target="Torped debug" />
			<Option target="Torped Athlon" />
		</Unit>
		<Unit filename="shader.h">
			<Option target="Torped default" />
			<Option target="Torped debug" />
			<Option target="Torped Athlon" />
		</Unit>
		<Unit filename="texture.cpp">
			<Option target="Torped default" />
			<Option target="Torped debug" />
			<Option target="Torped Athlon" />
		</Unit>
		<Unit filename="texture.h">
			<Option target="Torped default" />
			<Option target="Torped debug" />
			<Option target="Torped Athlon" />
		</Unit>
		<Unit filename="tinyxml\tinystr.cpp">
			<Option target="Torped default" />
			<Option target="Torped debug" />
			<Option target="Torped Athlon" />
		</Unit>
		<Unit filename="tinyxml\tinystr.h">
			<Option target="Torped default" />
			<Option target="Torped debug" />
			<Option target="Torped Athlon" />
		</Unit>
		<Unit filename="tinyxml\tinyxml.cpp">
			<Option target="Torped default" />
			<Option target="Torped debug" />
			<Option target="Torped Athlon" />
		</Unit>
		<Unit filename="tinyxml\tinyxml.h">
			<Option target="Torped default" />
			<Option target="Torped debug" />
			<Option target="Torped Athlon" />
		</Unit>
		<Unit filename="tinyxml\tinyxmlerror.cpp">
			<Option target="Torped default" />
			<Option target="Torped debug" />
			<Option target="Torped Athlon" />
		</Unit>
		<Unit filename="tinyxml\tinyxmlparser.cpp">
			<Option target="Torped default" />
			<Option target="Torped debug" />
			<Option target="Torped Athlon" />
		</Unit>
		<Unit filename="vectormath.h">
			<Option target="Torped default" />
			<Option target="Torped debug" />
			<Option target="Torped Athlon" />
		</Unit>
		<Unit filename="world.cpp">
			<Option target="Torped default" />
			<Option target="Torped debug" />
			<Option target="Torped Athlon" />
		</Unit>
		<Unit filename="world.h">
			<Option target="Torped default" />
			<Option target="Torped debug" />
			<Option target="Torped Athlon" />
		</Unit>
		<Extensions>
			<code_completion />
		</Extensions>
	</Project>
</CodeBlocks_project_file>
